
Microsoft Visual Studio Solution File, Format Version 12.00
# Visual Studio 14
VisualStudioVersion = 14.0.25420.1
MinimumVisualStudioVersion = 10.0.40219.1
Project("{2150E333-8FDC-42A3-9474-1A3956D46DE8}") = "src", "src", "{7026875B-D676-41E9-A2C8-03A05C4A83E5}"
EndProject
Project("{2150E333-8FDC-42A3-9474-1A3956D46DE8}") = "Solution Items", "Solution Items", "{64DABF51-3BE8-474A-9DA7-2D86F590BBEB}"
	ProjectSection(SolutionItems) = preProject
		global.json = global.json
	EndProjectSection
EndProject
Project("{8BB2217D-0F2D-49D1-97BC-3654ED321F3B}") = "WebServiceLayer", "src\WebServiceLayer\WebServiceLayer.xproj", "{550E9059-0273-433D-AA40-C7B2035072D3}"
EndProject
Project("{8BB2217D-0F2D-49D1-97BC-3654ED321F3B}") = "DataAccessLayer", "src\DataAccessLayer\DataAccessLayer.xproj", "{7B879454-E4F2-4BEC-9948-231322DDA222}"
EndProject
Project("{8BB2217D-0F2D-49D1-97BC-3654ED321F3B}") = "MySqlDatabase", "src\MySqlDatabase\MySqlDatabase.xproj", "{8844807D-CF86-4D06-B837-DBDC6A7D777A}"
EndProject
Project("{8BB2217D-0F2D-49D1-97BC-3654ED321F3B}") = "DomainModel", "src\DomainModel\DomainModel.xproj", "{3BAFA6E7-8BF8-4AA2-91A8-EDDD2A112F6B}"
EndProject
Project("{8BB2217D-0F2D-49D1-97BC-3654ED321F3B}") = "UnitTestProject", "src\UnitTestProject\UnitTestProject.xproj", "{8FD3AFC2-DB78-4636-A7BA-BECC3A5246FE}"
EndProject
Global
	GlobalSection(SolutionConfigurationPlatforms) = preSolution
		Debug|Any CPU = Debug|Any CPU
		Release|Any CPU = Release|Any CPU
	EndGlobalSection
	GlobalSection(ProjectConfigurationPlatforms) = postSolution
		{550E9059-0273-433D-AA40-C7B2035072D3}.Debug|Any CPU.ActiveCfg = Debug|Any CPU
		{550E9059-0273-433D-AA40-C7B2035072D3}.Debug|Any CPU.Build.0 = Debug|Any CPU
		{550E9059-0273-433D-AA40-C7B2035072D3}.Release|Any CPU.ActiveCfg = Release|Any CPU
		{550E9059-0273-433D-AA40-C7B2035072D3}.Release|Any CPU.Build.0 = Release|Any CPU
		{7B879454-E4F2-4BEC-9948-231322DDA222}.Debug|Any CPU.ActiveCfg = Debug|Any CPU
		{7B879454-E4F2-4BEC-9948-231322DDA222}.Debug|Any CPU.Build.0 = Debug|Any CPU
		{7B879454-E4F2-4BEC-9948-231322DDA222}.Release|Any CPU.ActiveCfg = Release|Any CPU
		{7B879454-E4F2-4BEC-9948-231322DDA222}.Release|Any CPU.Build.0 = Release|Any CPU
		{8844807D-CF86-4D06-B837-DBDC6A7D777A}.Debug|Any CPU.ActiveCfg = Debug|Any CPU
		{8844807D-CF86-4D06-B837-DBDC6A7D777A}.Debug|Any CPU.Build.0 = Debug|Any CPU
		{8844807D-CF86-4D06-B837-DBDC6A7D777A}.Release|Any CPU.ActiveCfg = Release|Any CPU
		{8844807D-CF86-4D06-B837-DBDC6A7D777A}.Release|Any CPU.Build.0 = Release|Any CPU
		{3BAFA6E7-8BF8-4AA2-91A8-EDDD2A112F6B}.Debug|Any CPU.ActiveCfg = Debug|Any CPU
		{3BAFA6E7-8BF8-4AA2-91A8-EDDD2A112F6B}.Debug|Any CPU.Build.0 = Debug|Any CPU
		{3BAFA6E7-8BF8-4AA2-91A8-EDDD2A112F6B}.Release|Any CPU.ActiveCfg = Release|Any CPU
		{3BAFA6E7-8BF8-4AA2-91A8-EDDD2A112F6B}.Release|Any CPU.Build.0 = Release|Any CPU
		{8FD3AFC2-DB78-4636-A7BA-BECC3A5246FE}.Debug|Any CPU.ActiveCfg = Debug|Any CPU
		{8FD3AFC2-DB78-4636-A7BA-BECC3A5246FE}.Debug|Any CPU.Build.0 = Debug|Any CPU
		{8FD3AFC2-DB78-4636-A7BA-BECC3A5246FE}.Release|Any CPU.ActiveCfg = Release|Any CPU
		{8FD3AFC2-DB78-4636-A7BA-BECC3A5246FE}.Release|Any CPU.Build.0 = Release|Any CPU
	EndGlobalSection
	GlobalSection(SolutionProperties) = preSolution
		HideSolutionNode = FALSE
	EndGlobalSection
	GlobalSection(NestedProjects) = preSolution
		{550E9059-0273-433D-AA40-C7B2035072D3} = {7026875B-D676-41E9-A2C8-03A05C4A83E5}
		{7B879454-E4F2-4BEC-9948-231322DDA222} = {7026875B-D676-41E9-A2C8-03A05C4A83E5}
		{8844807D-CF86-4D06-B837-DBDC6A7D777A} = {7026875B-D676-41E9-A2C8-03A05C4A83E5}
		{3BAFA6E7-8BF8-4AA2-91A8-EDDD2A112F6B} = {7026875B-D676-41E9-A2C8-03A05C4A83E5}
		{8FD3AFC2-DB78-4636-A7BA-BECC3A5246FE} = {7026875B-D676-41E9-A2C8-03A05C4A83E5}
	EndGlobalSection
EndGlobal
